// !$*UTF8*$!
{
	archiveVersion = 1;
	classes = {
	};
	objectVersion = 50;
	objects = {

/* Begin PBXBuildFile section */
		CD055F6623BD231000B36BA2 /* AppDelegate.swift in Sources */ = {isa = PBXBuildFile; fileRef = CD055F6523BD231000B36BA2 /* AppDelegate.swift */; };
		CD055F6823BD231000B36BA2 /* ContentView.swift in Sources */ = {isa = PBXBuildFile; fileRef = CD055F6723BD231000B36BA2 /* ContentView.swift */; };
		CD055F6A23BD231800B36BA2 /* Assets.xcassets in Resources */ = {isa = PBXBuildFile; fileRef = CD055F6923BD231800B36BA2 /* Assets.xcassets */; };
		CD055F6D23BD231800B36BA2 /* Preview Assets.xcassets in Resources */ = {isa = PBXBuildFile; fileRef = CD055F6C23BD231800B36BA2 /* Preview Assets.xcassets */; };
		CD055F7023BD231800B36BA2 /* Main.storyboard in Resources */ = {isa = PBXBuildFile; fileRef = CD055F6E23BD231800B36BA2 /* Main.storyboard */; };
		CD055F7923BD234900B36BA2 /* MultilineTextView.swift in Sources */ = {isa = PBXBuildFile; fileRef = CD055F7823BD234900B36BA2 /* MultilineTextView.swift */; };
		CD055F7B23BD239400B36BA2 /* Piece.swift in Sources */ = {isa = PBXBuildFile; fileRef = CD055F7A23BD239400B36BA2 /* Piece.swift */; };
		CD055F7D23BD243500B36BA2 /* Chess_backend.swift in Sources */ = {isa = PBXBuildFile; fileRef = CD055F7C23BD243500B36BA2 /* Chess_backend.swift */; };
		CD055F8023BD6CD700B36BA2 /* Model.xcdatamodeld in Sources */ = {isa = PBXBuildFile; fileRef = CD055F7E23BD6CD700B36BA2 /* Model.xcdatamodeld */; };
		CD752A5B23C13037006D34CD /* Board.swift in Sources */ = {isa = PBXBuildFile; fileRef = CD752A5A23C13037006D34CD /* Board.swift */; };
		CD752A5F23C34FFF006D34CD /* DetailWindowController.swift in Sources */ = {isa = PBXBuildFile; fileRef = CD752A5E23C34FFF006D34CD /* DetailWindowController.swift */; };
		CD752A6123C54BB9006D34CD /* Backend.swift in Sources */ = {isa = PBXBuildFile; fileRef = CD752A6023C54BB9006D34CD /* Backend.swift */; };
		CD752A6323C5A86D006D34CD /* ImportWindow.swift in Sources */ = {isa = PBXBuildFile; fileRef = CD752A6223C5A86D006D34CD /* ImportWindow.swift */; };
		CD752A6523C5D150006D34CD /* MoveList.swift in Sources */ = {isa = PBXBuildFile; fileRef = CD752A6423C5D150006D34CD /* MoveList.swift */; };
/* End PBXBuildFile section */

/* Begin PBXFileReference section */
		CD055F6223BD231000B36BA2 /* Chess Notes.app */ = {isa = PBXFileReference; explicitFileType = wrapper.application; includeInIndex = 0; path = "Chess Notes.app"; sourceTree = BUILT_PRODUCTS_DIR; };
		CD055F6523BD231000B36BA2 /* AppDelegate.swift */ = {isa = PBXFileReference; lastKnownFileType = sourcecode.swift; path = AppDelegate.swift; sourceTree = "<group>"; };
		CD055F6723BD231000B36BA2 /* ContentView.swift */ = {isa = PBXFileReference; lastKnownFileType = sourcecode.swift; path = ContentView.swift; sourceTree = "<group>"; };
		CD055F6923BD231800B36BA2 /* Assets.xcassets */ = {isa = PBXFileReference; lastKnownFileType = folder.assetcatalog; path = Assets.xcassets; sourceTree = "<group>"; };
		CD055F6C23BD231800B36BA2 /* Preview Assets.xcassets */ = {isa = PBXFileReference; lastKnownFileType = folder.assetcatalog; path = "Preview Assets.xcassets"; sourceTree = "<group>"; };
		CD055F6F23BD231800B36BA2 /* Base */ = {isa = PBXFileReference; lastKnownFileType = file.storyboard; name = Base; path = Base.lproj/Main.storyboard; sourceTree = "<group>"; };
		CD055F7123BD231800B36BA2 /* Info.plist */ = {isa = PBXFileReference; lastKnownFileType = text.plist.xml; path = Info.plist; sourceTree = "<group>"; };
		CD055F7223BD231800B36BA2 /* Chess_Notes.entitlements */ = {isa = PBXFileReference; lastKnownFileType = text.plist.entitlements; path = Chess_Notes.entitlements; sourceTree = "<group>"; };
		CD055F7823BD234900B36BA2 /* MultilineTextView.swift */ = {isa = PBXFileReference; lastKnownFileType = sourcecode.swift; path = MultilineTextView.swift; sourceTree = "<group>"; };
		CD055F7A23BD239400B36BA2 /* Piece.swift */ = {isa = PBXFileReference; lastKnownFileType = sourcecode.swift; path = Piece.swift; sourceTree = "<group>"; };
		CD055F7C23BD243500B36BA2 /* Chess_backend.swift */ = {isa = PBXFileReference; lastKnownFileType = sourcecode.swift; path = Chess_backend.swift; sourceTree = "<group>"; };
		CD055F7F23BD6CD700B36BA2 /* Model.xcdatamodel */ = {isa = PBXFileReference; lastKnownFileType = wrapper.xcdatamodel; path = Model.xcdatamodel; sourceTree = "<group>"; };
		CD752A5A23C13037006D34CD /* Board.swift */ = {isa = PBXFileReference; lastKnownFileType = sourcecode.swift; path = Board.swift; sourceTree = "<group>"; };
		CD752A5E23C34FFF006D34CD /* DetailWindowController.swift */ = {isa = PBXFileReference; lastKnownFileType = sourcecode.swift; path = DetailWindowController.swift; sourceTree = "<group>"; };
		CD752A6023C54BB9006D34CD /* Backend.swift */ = {isa = PBXFileReference; lastKnownFileType = sourcecode.swift; path = Backend.swift; sourceTree = "<group>"; };
		CD752A6223C5A86D006D34CD /* ImportWindow.swift */ = {isa = PBXFileReference; lastKnownFileType = sourcecode.swift; path = ImportWindow.swift; sourceTree = "<group>"; };
		CD752A6423C5D150006D34CD /* MoveList.swift */ = {isa = PBXFileReference; lastKnownFileType = sourcecode.swift; path = MoveList.swift; sourceTree = "<group>"; };
/* End PBXFileReference section */

/* Begin PBXFrameworksBuildPhase section */
		CD055F5F23BD231000B36BA2 /* Frameworks */ = {
			isa = PBXFrameworksBuildPhase;
			buildActionMask = 2147483647;
			files = (
			);
			runOnlyForDeploymentPostprocessing = 0;
		};
/* End PBXFrameworksBuildPhase section */

/* Begin PBXGroup section */
		CD055F5923BD231000B36BA2 = {
			isa = PBXGroup;
			children = (
				CD055F6423BD231000B36BA2 /* Chess Notes */,
				CD055F6323BD231000B36BA2 /* Products */,
			);
			sourceTree = "<group>";
		};
		CD055F6323BD231000B36BA2 /* Products */ = {
			isa = PBXGroup;
			children = (
				CD055F6223BD231000B36BA2 /* Chess Notes.app */,
			);
			name = Products;
			sourceTree = "<group>";
		};
		CD055F6423BD231000B36BA2 /* Chess Notes */ = {
			isa = PBXGroup;
			children = (
				CD752A6023C54BB9006D34CD /* Backend.swift */,
				CD055F7823BD234900B36BA2 /* MultilineTextView.swift */,
				CD055F7A23BD239400B36BA2 /* Piece.swift */,
				CD055F6523BD231000B36BA2 /* AppDelegate.swift */,
				CD752A6223C5A86D006D34CD /* ImportWindow.swift */,
				CD055F6723BD231000B36BA2 /* ContentView.swift */,
				CD752A6423C5D150006D34CD /* MoveList.swift */,
				CD752A5E23C34FFF006D34CD /* DetailWindowController.swift */,
				CD752A5A23C13037006D34CD /* Board.swift */,
				CD055F7C23BD243500B36BA2 /* Chess_backend.swift */,
				CD055F7E23BD6CD700B36BA2 /* Model.xcdatamodeld */,
				CD055F6923BD231800B36BA2 /* Assets.xcassets */,
				CD055F6E23BD231800B36BA2 /* Main.storyboard */,
				CD055F7123BD231800B36BA2 /* Info.plist */,
				CD055F7223BD231800B36BA2 /* Chess_Notes.entitlements */,
				CD055F6B23BD231800B36BA2 /* Preview Content */,
			);
			path = "Chess Notes";
			sourceTree = "<group>";
		};
		CD055F6B23BD231800B36BA2 /* Preview Content */ = {
			isa = PBXGroup;
			children = (
				CD055F6C23BD231800B36BA2 /* Preview Assets.xcassets */,
			);
			path = "Preview Content";
			sourceTree = "<group>";
		};
/* End PBXGroup section */

/* Begin PBXNativeTarget section */
		CD055F6123BD231000B36BA2 /* Chess Notes */ = {
			isa = PBXNativeTarget;
			buildConfigurationList = CD055F7523BD231800B36BA2 /* Build configuration list for PBXNativeTarget "Chess Notes" */;
			buildPhases = (
				CD055F5E23BD231000B36BA2 /* Sources */,
				CD055F5F23BD231000B36BA2 /* Frameworks */,
				CD055F6023BD231000B36BA2 /* Resources */,
			);
			buildRules = (
			);
			dependencies = (
			);
			name = "Chess Notes";
			productName = "Chess Notes";
			productReference = CD055F6223BD231000B36BA2 /* Chess Notes.app */;
			productType = "com.apple.product-type.application";
		};
/* End PBXNativeTarget section */

/* Begin PBXProject section */
		CD055F5A23BD231000B36BA2 /* Project object */ = {
			isa = PBXProject;
			attributes = {
				LastSwiftUpdateCheck = 1120;
				LastUpgradeCheck = 1120;
				ORGANIZATIONNAME = "Joshua Lin";
				TargetAttributes = {
					CD055F6123BD231000B36BA2 = {
						CreatedOnToolsVersion = 11.2.1;
					};
				};
			};
			buildConfigurationList = CD055F5D23BD231000B36BA2 /* Build configuration list for PBXProject "Chess Notes" */;
			compatibilityVersion = "Xcode 9.3";
			developmentRegion = en;
			hasScannedForEncodings = 0;
			knownRegions = (
				en,
				Base,
			);
			mainGroup = CD055F5923BD231000B36BA2;
			productRefGroup = CD055F6323BD231000B36BA2 /* Products */;
			projectDirPath = "";
			projectRoot = "";
			targets = (
				CD055F6123BD231000B36BA2 /* Chess Notes */,
			);
		};
/* End PBXProject section */

/* Begin PBXResourcesBuildPhase section */
		CD055F6023BD231000B36BA2 /* Resources */ = {
			isa = PBXResourcesBuildPhase;
			buildActionMask = 2147483647;
			files = (
				CD055F7023BD231800B36BA2 /* Main.storyboard in Resources */,
				CD055F6D23BD231800B36BA2 /* Preview Assets.xcassets in Resources */,
				CD055F6A23BD231800B36BA2 /* Assets.xcassets in Resources */,
			);
			runOnlyForDeploymentPostprocessing = 0;
		};
/* End PBXResourcesBuildPhase section */

/* Begin PBXSourcesBuildPhase section */
		CD055F5E23BD231000B36BA2 /* Sources */ = {
			isa = PBXSourcesBuildPhase;
			buildActionMask = 2147483647;
			files = (
				CD752A6323C5A86D006D34CD /* ImportWindow.swift in Sources */,
				CD055F6823BD231000B36BA2 /* ContentView.swift in Sources */,
				CD055F7D23BD243500B36BA2 /* Chess_backend.swift in Sources */,
				CD752A6123C54BB9006D34CD /* Backend.swift in Sources */,
				CD055F7923BD234900B36BA2 /* MultilineTextView.swift in Sources */,
				CD055F7B23BD239400B36BA2 /* Piece.swift in Sources */,
				CD752A5B23C13037006D34CD /* Board.swift in Sources */,
				CD752A6523C5D150006D34CD /* MoveList.swift in Sources */,
				CD055F6623BD231000B36BA2 /* AppDelegate.swift in Sources */,
				CD752A5F23C34FFF006D34CD /* DetailWindowController.swift in Sources */,
				CD055F8023BD6CD700B36BA2 /* Model.xcdatamodeld in Sources */,
			);
			runOnlyForDeploymentPostprocessing = 0;
		};
/* End PBXSourcesBuildPhase section */

/* Begin PBXVariantGroup section */
		CD055F6E23BD231800B36BA2 /* Main.storyboard */ = {
			isa = PBXVariantGroup;
			children = (
				CD055F6F23BD231800B36BA2 /* Base */,
			);
			name = Main.storyboard;
			sourceTree = "<group>";
		};
/* End PBXVariantGroup section */

/* Begin XCBuildConfiguration section */
		CD055F7323BD231800B36BA2 /* Debug */ = {
			isa = XCBuildConfiguration;
			buildSettings = {
				ALWAYS_SEARCH_USER_PATHS = NO;
				CLANG_ANALYZER_NONNULL = YES;
				CLANG_ANALYZER_NUMBER_OBJECT_CONVERSION = YES_AGGRESSIVE;
				CLANG_CXX_LANGUAGE_STANDARD = "gnu++14";
				CLANG_CXX_LIBRARY = "libc++";
				CLANG_ENABLE_MODULES = YES;
				CLANG_ENABLE_OBJC_ARC = YES;
				CLANG_ENABLE_OBJC_WEAK = YES;
				CLANG_WARN_BLOCK_CAPTURE_AUTORELEASING = YES;
				CLANG_WARN_BOOL_CONVERSION = YES;
				CLANG_WARN_COMMA = YES;
				CLANG_WARN_CONSTANT_CONVERSION = YES;
				CLANG_WARN_DEPRECATED_OBJC_IMPLEMENTATIONS = YES;
				CLANG_WARN_DIRECT_OBJC_ISA_USAGE = YES_ERROR;
				CLANG_WARN_DOCUMENTATION_COMMENTS = YES;
				CLANG_WARN_EMPTY_BODY = YES;
				CLANG_WARN_ENUM_CONVERSION = YES;
				CLANG_WARN_INFINITE_RECURSION = YES;
				CLANG_WARN_INT_CONVERSION = YES;
				CLANG_WARN_NON_LITERAL_NULL_CONVERSION = YES;
				CLANG_WARN_OBJC_IMPLICIT_RETAIN_SELF = YES;
				CLANG_WARN_OBJC_LITERAL_CONVERSION = YES;
				CLANG_WARN_OBJC_ROOT_CLASS = YES_ERROR;
				CLANG_WARN_RANGE_LOOP_ANALYSIS = YES;
				CLANG_WARN_STRICT_PROTOTYPES = YES;
				CLANG_WARN_SUSPICIOUS_MOVE = YES;
				CLANG_WARN_UNGUARDED_AVAILABILITY = YES_AGGRESSIVE;
				CLANG_WARN_UNREACHABLE_CODE = YES;
				CLANG_WARN__DUPLICATE_METHOD_MATCH = YES;
				COPY_PHASE_STRIP = NO;
				DEBUG_INFORMATION_FORMAT = dwarf;
				ENABLE_STRICT_OBJC_MSGSEND = YES;
				ENABLE_TESTABILITY = YES;
				GCC_C_LANGUAGE_STANDARD = gnu11;
				GCC_DYNAMIC_NO_PIC = NO;
				GCC_NO_COMMON_BLOCKS = YES;
				GCC_OPTIMIZATION_LEVEL = 0;
				GCC_PREPROCESSOR_DEFINITIONS = (
					"DEBUG=1",
					"$(inherited)",
				);
				GCC_WARN_64_TO_32_BIT_CONVERSION = YES;
				GCC_WARN_ABOUT_RETURN_TYPE = YES_ERROR;
				GCC_WARN_UNDECLARED_SELECTOR = YES;
				GCC_WARN_UNINITIALIZED_AUTOS = YES_AGGRESSIVE;
				GCC_WARN_UNUSED_FUNCTION = YES;
				GCC_WARN_UNUSED_VARIABLE = YES;
				MACOSX_DEPLOYMENT_TARGET = 10.15;
				MTL_ENABLE_DEBUG_INFO = INCLUDE_SOURCE;
				MTL_FAST_MATH = YES;
				ONLY_ACTIVE_ARCH = YES;
				SDKROOT = macosx;
				SWIFT_ACTIVE_COMPILATION_CONDITIONS = DEBUG;
				SWIFT_OPTIMIZATION_LEVEL = "-Onone";
			};
			name = Debug;
		};
		CD055F7423BD231800B36BA2 /* Release */ = {
			isa = XCBuildConfiguration;
			buildSettings = {
				ALWAYS_SEARCH_USER_PATHS = NO;
				CLANG_ANALYZER_NONNULL = YES;
				CLANG_ANALYZER_NUMBER_OBJECT_CONVERSION = YES_AGGRESSIVE;
				CLANG_CXX_LANGUAGE_STANDARD = "gnu++14";
				CLANG_CXX_LIBRARY = "libc++";
				CLANG_ENABLE_MODULES = YES;
				CLANG_ENABLE_OBJC_ARC = YES;
				CLANG_ENABLE_OBJC_WEAK = YES;
				CLANG_WARN_BLOCK_CAPTURE_AUTORELEASING = YES;
				CLANG_WARN_BOOL_CONVERSION = YES;
				CLANG_WARN_COMMA = YES;
				CLANG_WARN_CONSTANT_CONVERSION = YES;
				CLANG_WARN_DEPRECATED_OBJC_IMPLEMENTATIONS = YES;
				CLANG_WARN_DIRECT_OBJC_ISA_USAGE = YES_ERROR;
				CLANG_WARN_DOCUMENTATION_COMMENTS = YES;
				CLANG_WARN_EMPTY_BODY = YES;
				CLANG_WARN_ENUM_CONVERSION = YES;
				CLANG_WARN_INFINITE_RECURSION = YES;
				CLANG_WARN_INT_CONVERSION = YES;
				CLANG_WARN_NON_LITERAL_NULL_CONVERSION = YES;
				CLANG_WARN_OBJC_IMPLICIT_RETAIN_SELF = YES;
				CLANG_WARN_OBJC_LITERAL_CONVERSION = YES;
				CLANG_WARN_OBJC_ROOT_CLASS = YES_ERROR;
				CLANG_WARN_RANGE_LOOP_ANALYSIS = YES;
				CLANG_WARN_STRICT_PROTOTYPES = YES;
				CLANG_WARN_SUSPICIOUS_MOVE = YES;
				CLANG_WARN_UNGUARDED_AVAILABILITY = YES_AGGRESSIVE;
				CLANG_WARN_UNREACHABLE_CODE = YES;
				CLANG_WARN__DUPLICATE_METHOD_MATCH = YES;
				COPY_PHASE_STRIP = NO;
				DEBUG_INFORMATION_FORMAT = "dwarf-with-dsym";
				ENABLE_NS_ASSERTIONS = NO;
				ENABLE_STRICT_OBJC_MSGSEND = YES;
				GCC_C_LANGUAGE_STANDARD = gnu11;
				GCC_NO_COMMON_BLOCKS = YES;
				GCC_WARN_64_TO_32_BIT_CONVERSION = YES;
				GCC_WARN_ABOUT_RETURN_TYPE = YES_ERROR;
				GCC_WARN_UNDECLARED_SELECTOR = YES;
				GCC_WARN_UNINITIALIZED_AUTOS = YES_AGGRESSIVE;
				GCC_WARN_UNUSED_FUNCTION = YES;
				GCC_WARN_UNUSED_VARIABLE = YES;
				MACOSX_DEPLOYMENT_TARGET = 10.15;
				MTL_ENABLE_DEBUG_INFO = NO;
				MTL_FAST_MATH = YES;
				SDKROOT = macosx;
				SWIFT_COMPILATION_MODE = wholemodule;
				SWIFT_OPTIMIZATION_LEVEL = "-O";
			};
			name = Release;
		};
		CD055F7623BD231800B36BA2 /* Debug */ = {
			isa = XCBuildConfiguration;
			buildSettings = {
				ASSETCATALOG_COMPILER_APPICON_NAME = AppIcon;
				CODE_SIGN_ENTITLEMENTS = "Chess Notes/Chess_Notes.entitlements";
				CODE_SIGN_STYLE = Automatic;
				COMBINE_HIDPI_IMAGES = YES;
				DEVELOPMENT_ASSET_PATHS = "\"Chess Notes/Preview Content\"";
				ENABLE_PREVIEWS = YES;
				INFOPLIST_FILE = "Chess Notes/Info.plist";
				LD_RUNPATH_SEARCH_PATHS = (
					"$(inherited)",
					"@executable_path/../Frameworks",
				);
				MACOSX_DEPLOYMENT_TARGET = 10.15;
				PRODUCT_BUNDLE_IDENTIFIER = "JL.Chess-Notes";
				PRODUCT_NAME = "$(TARGET_NAME)";
				SWIFT_VERSION = 5.0;
			};
			name = Debug;
		};
		CD055F7723BD231800B36BA2 /* Release */ = {
			isa = XCBuildConfiguration;
			buildSettings = {
				ASSETCATALOG_COMPILER_APPICON_NAME = AppIcon;
				CODE_SIGN_ENTITLEMENTS = "Chess Notes/Chess_Notes.entitlements";
				CODE_SIGN_STYLE = Automatic;
				COMBINE_HIDPI_IMAGES = YES;
				DEVELOPMENT_ASSET_PATHS = "\"Chess Notes/Preview Content\"";
				ENABLE_PREVIEWS = YES;
				INFOPLIST_FILE = "Chess Notes/Info.plist";
				LD_RUNPATH_SEARCH_PATHS = (
					"$(inherited)",
					"@executable_path/../Frameworks",
				);
				MACOSX_DEPLOYMENT_TARGET = 10.15;
				PRODUCT_BUNDLE_IDENTIFIER = "JL.Chess-Notes";
				PRODUCT_NAME = "$(TARGET_NAME)";
				SWIFT_VERSION = 5.0;
			};
			name = Release;
		};
/* End XCBuildConfiguration section */

/* Begin XCConfigurationList section */
		CD055F5D23BD231000B36BA2 /* Build configuration list for PBXProject "Chess Notes" */ = {
			isa = XCConfigurationList;
			buildConfigurations = (
				CD055F7323BD231800B36BA2 /* Debug */,
				CD055F7423BD231800B36BA2 /* Release */,
			);
			defaultConfigurationIsVisible = 0;
			defaultConfigurationName = Release;
		};
		CD055F7523BD231800B36BA2 /* Build configuration list for PBXNativeTarget "Chess Notes" */ = {
			isa = XCConfigurationList;
			buildConfigurations = (
				CD055F7623BD231800B36BA2 /* Debug */,
				CD055F7723BD231800B36BA2 /* Release */,
			);
			defaultConfigurationIsVisible = 0;
			defaultConfigurationName = Release;
		};
/* End XCConfigurationList section */

/* Begin XCVersionGroup section */
		CD055F7E23BD6CD700B36BA2 /* Model.xcdatamodeld */ = {
			isa = XCVersionGroup;
			children = (
				CD055F7F23BD6CD700B36BA2 /* Model.xcdatamodel */,
			);
			currentVersion = CD055F7F23BD6CD700B36BA2 /* Model.xcdatamodel */;
			path = Model.xcdatamodeld;
			sourceTree = "<group>";
			versionGroupType = wrapper.xcdatamodel;
		};
/* End XCVersionGroup section */
	};
	rootObject = CD055F5A23BD231000B36BA2 /* Project object */;
}
